// !$*UTF8*$!
{
	archiveVersion = 1;
	classes = {
	};
	objectVersion = 50;
	objects = {

/* Begin PBXBuildFile section */
		76397A402232771800D065A9 /* AppDelegate.swift in Sources */ = {isa = PBXBuildFile; fileRef = 76397A3F2232771800D065A9 /* AppDelegate.swift */; };
		76397A422232771800D065A9 /* ViewController.swift in Sources */ = {isa = PBXBuildFile; fileRef = 76397A412232771800D065A9 /* ViewController.swift */; };
		76397A452232771800D065A9 /* Main.storyboard in Resources */ = {isa = PBXBuildFile; fileRef = 76397A432232771800D065A9 /* Main.storyboard */; };
		76397A472232772100D065A9 /* Assets.xcassets in Resources */ = {isa = PBXBuildFile; fileRef = 76397A462232772100D065A9 /* Assets.xcassets */; };
		76397A4A2232772100D065A9 /* LaunchScreen.storyboard in Resources */ = {isa = PBXBuildFile; fileRef = 76397A482232772100D065A9 /* LaunchScreen.storyboard */; };
		76397A552232772100D065A9 /* DrawThisDemoTests.swift in Sources */ = {isa = PBXBuildFile; fileRef = 76397A542232772100D065A9 /* DrawThisDemoTests.swift */; };
		76397A602232772100D065A9 /* DrawThisDemoUITests.swift in Sources */ = {isa = PBXBuildFile; fileRef = 76397A5F2232772100D065A9 /* DrawThisDemoUITests.swift */; };
/* End PBXBuildFile section */

/* Begin PBXContainerItemProxy section */
		76397A512232772100D065A9 /* PBXContainerItemProxy */ = {
			isa = PBXContainerItemProxy;
			containerPortal = 76397A342232771800D065A9 /* Project object */;
			proxyType = 1;
			remoteGlobalIDString = 76397A3B2232771800D065A9;
			remoteInfo = DrawThisDemo;
		};
		76397A5C2232772100D065A9 /* PBXContainerItemProxy */ = {
			isa = PBXContainerItemProxy;
			containerPortal = 76397A342232771800D065A9 /* Project object */;
			proxyType = 1;
			remoteGlobalIDString = 76397A3B2232771800D065A9;
			remoteInfo = DrawThisDemo;
		};
/* End PBXContainerItemProxy section */

/* Begin PBXFileReference section */
		76397A3C2232771800D065A9 /* DrawThisDemo.app */ = {isa = PBXFileReference; explicitFileType = wrapper.application; includeInIndex = 0; path = DrawThisDemo.app; sourceTree = BUILT_PRODUCTS_DIR; };
		76397A3F2232771800D065A9 /* AppDelegate.swift */ = {isa = PBXFileReference; lastKnownFileType = sourcecode.swift; path = AppDelegate.swift; sourceTree = "<group>"; };
		76397A412232771800D065A9 /* ViewController.swift */ = {isa = PBXFileReference; lastKnownFileType = sourcecode.swift; path = ViewController.swift; sourceTree = "<group>"; };
		76397A442232771800D065A9 /* Base */ = {isa = PBXFileReference; lastKnownFileType = file.storyboard; name = Base; path = Base.lproj/Main.storyboard; sourceTree = "<group>"; };
		76397A462232772100D065A9 /* Assets.xcassets */ = {isa = PBXFileReference; lastKnownFileType = folder.assetcatalog; path = Assets.xcassets; sourceTree = "<group>"; };
		76397A492232772100D065A9 /* Base */ = {isa = PBXFileReference; lastKnownFileType = file.storyboard; name = Base; path = Base.lproj/LaunchScreen.storyboard; sourceTree = "<group>"; };
		76397A4B2232772100D065A9 /* Info.plist */ = {isa = PBXFileReference; lastKnownFileType = text.plist.xml; path = Info.plist; sourceTree = "<group>"; };
		76397A502232772100D065A9 /* DrawThisDemoTests.xctest */ = {isa = PBXFileReference; explicitFileType = wrapper.cfbundle; includeInIndex = 0; path = DrawThisDemoTests.xctest; sourceTree = BUILT_PRODUCTS_DIR; };
		76397A542232772100D065A9 /* DrawThisDemoTests.swift */ = {isa = PBXFileReference; lastKnownFileType = sourcecode.swift; path = DrawThisDemoTests.swift; sourceTree = "<group>"; };
		76397A562232772100D065A9 /* Info.plist */ = {isa = PBXFileReference; lastKnownFileType = text.plist.xml; path = Info.plist; sourceTree = "<group>"; };
		76397A5B2232772100D065A9 /* DrawThisDemoUITests.xctest */ = {isa = PBXFileReference; explicitFileType = wrapper.cfbundle; includeInIndex = 0; path = DrawThisDemoUITests.xctest; sourceTree = BUILT_PRODUCTS_DIR; };
		76397A5F2232772100D065A9 /* DrawThisDemoUITests.swift */ = {isa = PBXFileReference; lastKnownFileType = sourcecode.swift; path = DrawThisDemoUITests.swift; sourceTree = "<group>"; };
		76397A612232772100D065A9 /* Info.plist */ = {isa = PBXFileReference; lastKnownFileType = text.plist.xml; path = Info.plist; sourceTree = "<group>"; };
/* End PBXFileReference section */

/* Begin PBXFrameworksBuildPhase section */
		76397A392232771800D065A9 /* Frameworks */ = {
			isa = PBXFrameworksBuildPhase;
			buildActionMask = 2147483647;
			files = (
			);
			runOnlyForDeploymentPostprocessing = 0;
		};
		76397A4D2232772100D065A9 /* Frameworks */ = {
			isa = PBXFrameworksBuildPhase;
			buildActionMask = 2147483647;
			files = (
			);
			runOnlyForDeploymentPostprocessing = 0;
		};
		76397A582232772100D065A9 /* Frameworks */ = {
			isa = PBXFrameworksBuildPhase;
			buildActionMask = 2147483647;
			files = (
			);
			runOnlyForDeploymentPostprocessing = 0;
		};
/* End PBXFrameworksBuildPhase section */

/* Begin PBXGroup section */
		76397A332232771800D065A9 = {
			isa = PBXGroup;
			children = (
				76397A3E2232771800D065A9 /* DrawThisDemo */,
				76397A532232772100D065A9 /* DrawThisDemoTests */,
				76397A5E2232772100D065A9 /* DrawThisDemoUITests */,
				76397A3D2232771800D065A9 /* Products */,
			);
			sourceTree = "<group>";
		};
		76397A3D2232771800D065A9 /* Products */ = {
			isa = PBXGroup;
			children = (
				76397A3C2232771800D065A9 /* DrawThisDemo.app */,
				76397A502232772100D065A9 /* DrawThisDemoTests.xctest */,
				76397A5B2232772100D065A9 /* DrawThisDemoUITests.xctest */,
			);
			name = Products;
			sourceTree = "<group>";
		};
		76397A3E2232771800D065A9 /* DrawThisDemo */ = {
			isa = PBXGroup;
			children = (
				76397A3F2232771800D065A9 /* AppDelegate.swift */,
				76397A412232771800D065A9 /* ViewController.swift */,
				76397A432232771800D065A9 /* Main.storyboard */,
				76397A462232772100D065A9 /* Assets.xcassets */,
				76397A482232772100D065A9 /* LaunchScreen.storyboard */,
				76397A4B2232772100D065A9 /* Info.plist */,
			);
			path = DrawThisDemo;
			sourceTree = "<group>";
		};
		76397A532232772100D065A9 /* DrawThisDemoTests */ = {
			isa = PBXGroup;
			children = (
				76397A542232772100D065A9 /* DrawThisDemoTests.swift */,
				76397A562232772100D065A9 /* Info.plist */,
			);
			path = DrawThisDemoTests;
			sourceTree = "<group>";
		};
		76397A5E2232772100D065A9 /* DrawThisDemoUITests */ = {
			isa = PBXGroup;
			children = (
				76397A5F2232772100D065A9 /* DrawThisDemoUITests.swift */,
				76397A612232772100D065A9 /* Info.plist */,
			);
			path = DrawThisDemoUITests;
			sourceTree = "<group>";
		};
/* End PBXGroup section */

/* Begin PBXNativeTarget section */
		76397A3B2232771800D065A9 /* DrawThisDemo */ = {
			isa = PBXNativeTarget;
			buildConfigurationList = 76397A642232772100D065A9 /* Build configuration list for PBXNativeTarget "DrawThisDemo" */;
			buildPhases = (
				76397A382232771800D065A9 /* Sources */,
				76397A392232771800D065A9 /* Frameworks */,
				76397A3A2232771800D065A9 /* Resources */,
			);
			buildRules = (
			);
			dependencies = (
			);
			name = DrawThisDemo;
			productName = DrawThisDemo;
			productReference = 76397A3C2232771800D065A9 /* DrawThisDemo.app */;
			productType = "com.apple.product-type.application";
		};
		76397A4F2232772100D065A9 /* DrawThisDemoTests */ = {
			isa = PBXNativeTarget;
			buildConfigurationList = 76397A672232772100D065A9 /* Build configuration list for PBXNativeTarget "DrawThisDemoTests" */;
			buildPhases = (
				76397A4C2232772100D065A9 /* Sources */,
				76397A4D2232772100D065A9 /* Frameworks */,
				76397A4E2232772100D065A9 /* Resources */,
			);
			buildRules = (
			);
			dependencies = (
				76397A522232772100D065A9 /* PBXTargetDependency */,
			);
			name = DrawThisDemoTests;
			productName = DrawThisDemoTests;
			productReference = 76397A502232772100D065A9 /* DrawThisDemoTests.xctest */;
			productType = "com.apple.product-type.bundle.unit-test";
		};
		76397A5A2232772100D065A9 /* DrawThisDemoUITests */ = {
			isa = PBXNativeTarget;
			buildConfigurationList = 76397A6A2232772100D065A9 /* Build configuration list for PBXNativeTarget "DrawThisDemoUITests" */;
			buildPhases = (
				76397A572232772100D065A9 /* Sources */,
				76397A582232772100D065A9 /* Frameworks */,
				76397A592232772100D065A9 /* Resources */,
			);
			buildRules = (
			);
			dependencies = (
				76397A5D2232772100D065A9 /* PBXTargetDependency */,
			);
			name = DrawThisDemoUITests;
			productName = DrawThisDemoUITests;
			productReference = 76397A5B2232772100D065A9 /* DrawThisDemoUITests.xctest */;
			productType = "com.apple.product-type.bundle.ui-testing";
		};
/* End PBXNativeTarget section */

/* Begin PBXProject section */
		76397A342232771800D065A9 /* Project object */ = {
			isa = PBXProject;
			attributes = {
				LastSwiftUpdateCheck = 1010;
				LastUpgradeCheck = 1010;
				ORGANIZATIONNAME = "Phillip Eismark";
				TargetAttributes = {
					76397A3B2232771800D065A9 = {
						CreatedOnToolsVersion = 10.1;
					};
					76397A4F2232772100D065A9 = {
						CreatedOnToolsVersion = 10.1;
						TestTargetID = 76397A3B2232771800D065A9;
					};
					76397A5A2232772100D065A9 = {
						CreatedOnToolsVersion = 10.1;
						TestTargetID = 76397A3B2232771800D065A9;
					};
				};
			};
			buildConfigurationList = 76397A372232771800D065A9 /* Build configuration list for PBXProject "DrawThisDemo" */;
			compatibilityVersion = "Xcode 9.3";
			developmentRegion = en;
			hasScannedForEncodings = 0;
			knownRegions = (
				en,
				Base,
			);
			mainGroup = 76397A332232771800D065A9;
			productRefGroup = 76397A3D2232771800D065A9 /* Products */;
			projectDirPath = "";
			projectRoot = "";
			targets = (
				76397A3B2232771800D065A9 /* DrawThisDemo */,
				76397A4F2232772100D065A9 /* DrawThisDemoTests */,
				76397A5A2232772100D065A9 /* DrawThisDemoUITests */,
			);
		};
/* End PBXProject section */

/* Begin PBXResourcesBuildPhase section */
		76397A3A2232771800D065A9 /* Resources */ = {
			isa = PBXResourcesBuildPhase;
			buildActionMask = 2147483647;
			files = (
				76397A4A2232772100D065A9 /* LaunchScreen.storyboard in Resources */,
				76397A472232772100D065A9 /* Assets.xcassets in Resources */,
				76397A452232771800D065A9 /* Main.storyboard in Resources */,
			);
			runOnlyForDeploymentPostprocessing = 0;
		};
		76397A4E2232772100D065A9 /* Resources */ = {
			isa = PBXResourcesBuildPhase;
			buildActionMask = 2147483647;
			files = (
			);
			runOnlyForDeploymentPostprocessing = 0;
		};
		76397A592232772100D065A9 /* Resources */ = {
			isa = PBXResourcesBuildPhase;
			buildActionMask = 2147483647;
			files = (
			);
			runOnlyForDeploymentPostprocessing = 0;
		};
/* End PBXResourcesBuildPhase section */

/* Begin PBXSourcesBuildPhase section */
		76397A382232771800D065A9 /* Sources */ = {
			isa = PBXSourcesBuildPhase;
			buildActionMask = 2147483647;
			files = (
				76397A422232771800D065A9 /* ViewController.swift in Sources */,
				76397A402232771800D065A9 /* AppDelegate.swift in Sources */,
			);
			runOnlyForDeploymentPostprocessing = 0;
		};
		76397A4C2232772100D065A9 /* Sources */ = {
			isa = PBXSourcesBuildPhase;
			buildActionMask = 2147483647;
			files = (
				76397A552232772100D065A9 /* DrawThisDemoTests.swift in Sources */,
			);
			runOnlyForDeploymentPostprocessing = 0;
		};
		76397A572232772100D065A9 /* Sources */ = {
			isa = PBXSourcesBuildPhase;
			buildActionMask = 2147483647;
			files = (
				76397A602232772100D065A9 /* DrawThisDemoUITests.swift in Sources */,
			);
			runOnlyForDeploymentPostprocessing = 0;
		};
/* End PBXSourcesBuildPhase section */

/* Begin PBXTargetDependency section */
		76397A522232772100D065A9 /* PBXTargetDependency */ = {
			isa = PBXTargetDependency;
			target = 76397A3B2232771800D065A9 /* DrawThisDemo */;
			targetProxy = 76397A512232772100D065A9 /* PBXContainerItemProxy */;
		};
		76397A5D2232772100D065A9 /* PBXTargetDependency */ = {
			isa = PBXTargetDependency;
			target = 76397A3B2232771800D065A9 /* DrawThisDemo */;
			targetProxy = 76397A5C2232772100D065A9 /* PBXContainerItemProxy */;
		};
/* End PBXTargetDependency section */

/* Begin PBXVariantGroup section */
		76397A432232771800D065A9 /* Main.storyboard */ = {
			isa = PBXVariantGroup;
			children = (
				76397A442232771800D065A9 /* Base */,
			);
			name = Main.storyboard;
			sourceTree = "<group>";
		};
		76397A482232772100D065A9 /* LaunchScreen.storyboard */ = {
			isa = PBXVariantGroup;
			children = (
				76397A492232772100D065A9 /* Base */,
			);
			name = LaunchScreen.storyboard;
			sourceTree = "<group>";
		};
/* End PBXVariantGroup section */

/* Begin XCBuildConfiguration section */
		76397A622232772100D065A9 /* Debug */ = {
			isa = XCBuildConfiguration;
			buildSettings = {
				ALWAYS_SEARCH_USER_PATHS = NO;
				CLANG_ANALYZER_NONNULL = YES;
				CLANG_ANALYZER_NUMBER_OBJECT_CONVERSION = YES_AGGRESSIVE;
				CLANG_CXX_LANGUAGE_STANDARD = "gnu++14";
				CLANG_CXX_LIBRARY = "libc++";
				CLANG_ENABLE_MODULES = YES;
				CLANG_ENABLE_OBJC_ARC = YES;
				CLANG_ENABLE_OBJC_WEAK = YES;
				CLANG_WARN_BLOCK_CAPTURE_AUTORELEASING = YES;
				CLANG_WARN_BOOL_CONVERSION = YES;
				CLANG_WARN_COMMA = YES;
				CLANG_WARN_CONSTANT_CONVERSION = YES;
				CLANG_WARN_DEPRECATED_OBJC_IMPLEMENTATIONS = YES;
				CLANG_WARN_DIRECT_OBJC_ISA_USAGE = YES_ERROR;
				CLANG_WARN_DOCUMENTATION_COMMENTS = YES;
				CLANG_WARN_EMPTY_BODY = YES;
				CLANG_WARN_ENUM_CONVERSION = YES;
				CLANG_WARN_INFINITE_RECURSION = YES;
				CLANG_WARN_INT_CONVERSION = YES;
				CLANG_WARN_NON_LITERAL_NULL_CONVERSION = YES;
				CLANG_WARN_OBJC_IMPLICIT_RETAIN_SELF = YES;
				CLANG_WARN_OBJC_LITERAL_CONVERSION = YES;
				CLANG_WARN_OBJC_ROOT_CLASS = YES_ERROR;
				CLANG_WARN_RANGE_LOOP_ANALYSIS = YES;
				CLANG_WARN_STRICT_PROTOTYPES = YES;
				CLANG_WARN_SUSPICIOUS_MOVE = YES;
				CLANG_WARN_UNGUARDED_AVAILABILITY = YES_AGGRESSIVE;
				CLANG_WARN_UNREACHABLE_CODE = YES;
				CLANG_WARN__DUPLICATE_METHOD_MATCH = YES;
				CODE_SIGN_IDENTITY = "iPhone Developer";
				COPY_PHASE_STRIP = NO;
				DEBUG_INFORMATION_FORMAT = dwarf;
				ENABLE_STRICT_OBJC_MSGSEND = YES;
				ENABLE_TESTABILITY = YES;
				GCC_C_LANGUAGE_STANDARD = gnu11;
				GCC_DYNAMIC_NO_PIC = NO;
				GCC_NO_COMMON_BLOCKS = YES;
				GCC_OPTIMIZATION_LEVEL = 0;
				GCC_PREPROCESSOR_DEFINITIONS = (
					"DEBUG=1",
					"$(inherited)",
				);
				GCC_WARN_64_TO_32_BIT_CONVERSION = YES;
				GCC_WARN_ABOUT_RETURN_TYPE = YES_ERROR;
				GCC_WARN_UNDECLARED_SELECTOR = YES;
				GCC_WARN_UNINITIALIZED_AUTOS = YES_AGGRESSIVE;
				GCC_WARN_UNUSED_FUNCTION = YES;
				GCC_WARN_UNUSED_VARIABLE = YES;
				IPHONEOS_DEPLOYMENT_TARGET = 12.1;
				MTL_ENABLE_DEBUG_INFO = INCLUDE_SOURCE;
				MTL_FAST_MATH = YES;
				ONLY_ACTIVE_ARCH = YES;
				SDKROOT = iphoneos;
				SWIFT_ACTIVE_COMPILATION_CONDITIONS = DEBUG;
				SWIFT_OPTIMIZATION_LEVEL = "-Onone";
			};
			name = Debug;
		};
		76397A632232772100D065A9 /* Release */ = {
			isa = XCBuildConfiguration;
			buildSettings = {
				ALWAYS_SEARCH_USER_PATHS = NO;
				CLANG_ANALYZER_NONNULL = YES;
				CLANG_ANALYZER_NUMBER_OBJECT_CONVERSION = YES_AGGRESSIVE;
				CLANG_CXX_LANGUAGE_STANDARD = "gnu++14";
				CLANG_CXX_LIBRARY = "libc++";
				CLANG_ENABLE_MODULES = YES;
				CLANG_ENABLE_OBJC_ARC = YES;
				CLANG_ENABLE_OBJC_WEAK = YES;
				CLANG_WARN_BLOCK_CAPTURE_AUTORELEASING = YES;
				CLANG_WARN_BOOL_CONVERSION = YES;
				CLANG_WARN_COMMA = YES;
				CLANG_WARN_CONSTANT_CONVERSION = YES;
				CLANG_WARN_DEPRECATED_OBJC_IMPLEMENTATIONS = YES;
				CLANG_WARN_DIRECT_OBJC_ISA_USAGE = YES_ERROR;
				CLANG_WARN_DOCUMENTATION_COMMENTS = YES;
				CLANG_WARN_EMPTY_BODY = YES;
				CLANG_WARN_ENUM_CONVERSION = YES;
				CLANG_WARN_INFINITE_RECURSION = YES;
				CLANG_WARN_INT_CONVERSION = YES;
				CLANG_WARN_NON_LITERAL_NULL_CONVERSION = YES;
				CLANG_WARN_OBJC_IMPLICIT_RETAIN_SELF = YES;
				CLANG_WARN_OBJC_LITERAL_CONVERSION = YES;
				CLANG_WARN_OBJC_ROOT_CLASS = YES_ERROR;
				CLANG_WARN_RANGE_LOOP_ANALYSIS = YES;
				CLANG_WARN_STRICT_PROTOTYPES = YES;
				CLANG_WARN_SUSPICIOUS_MOVE = YES;
				CLANG_WARN_UNGUARDED_AVAILABILITY = YES_AGGRESSIVE;
				CLANG_WARN_UNREACHABLE_CODE = YES;
				CLANG_WARN__DUPLICATE_METHOD_MATCH = YES;
				CODE_SIGN_IDENTITY = "iPhone Developer";
				COPY_PHASE_STRIP = NO;
				DEBUG_INFORMATION_FORMAT = "dwarf-with-dsym";
				ENABLE_NS_ASSERTIONS = NO;
				ENABLE_STRICT_OBJC_MSGSEND = YES;
				GCC_C_LANGUAGE_STANDARD = gnu11;
				GCC_NO_COMMON_BLOCKS = YES;
				GCC_WARN_64_TO_32_BIT_CONVERSION = YES;
				GCC_WARN_ABOUT_RETURN_TYPE = YES_ERROR;
				GCC_WARN_UNDECLARED_SELECTOR = YES;
				GCC_WARN_UNINITIALIZED_AUTOS = YES_AGGRESSIVE;
				GCC_WARN_UNUSED_FUNCTION = YES;
				GCC_WARN_UNUSED_VARIABLE = YES;
				IPHONEOS_DEPLOYMENT_TARGET = 12.1;
				MTL_ENABLE_DEBUG_INFO = NO;
				MTL_FAST_MATH = YES;
				SDKROOT = iphoneos;
				SWIFT_COMPILATION_MODE = wholemodule;
				SWIFT_OPTIMIZATION_LEVEL = "-O";
				VALIDATE_PRODUCT = YES;
			};
			name = Release;
		};
		76397A652232772100D065A9 /* Debug */ = {
			isa = XCBuildConfiguration;
			buildSettings = {
				ASSETCATALOG_COMPILER_APPICON_NAME = AppIcon;
				CODE_SIGN_STYLE = Automatic;
				DEVELOPMENT_TEAM = 32X9D5R5S7;
				INFOPLIST_FILE = DrawThisDemo/Info.plist;
				LD_RUNPATH_SEARCH_PATHS = (
					"$(inherited)",
					"@executable_path/Frameworks",
				);
				PRODUCT_BUNDLE_IDENTIFIER = PhillipFraThailand.DrawThisDemo;
				PRODUCT_NAME = "$(TARGET_NAME)";
				SWIFT_VERSION = 4.2;
				TARGETED_DEVICE_FAMILY = "1,2";
			};
			name = Debug;
		};
		76397A662232772100D065A9 /* Release */ = {
			isa = XCBuildConfiguration;
			buildSettings = {
				ASSETCATALOG_COMPILER_APPICON_NAME = AppIcon;
				CODE_SIGN_STYLE = Automatic;
				DEVELOPMENT_TEAM = 32X9D5R5S7;
				INFOPLIST_FILE = DrawThisDemo/Info.plist;
				LD_RUNPATH_SEARCH_PATHS = (
					"$(inherited)",
					"@executable_path/Frameworks",
				);
				PRODUCT_BUNDLE_IDENTIFIER = PhillipFraThailand.DrawThisDemo;
				PRODUCT_NAME = "$(TARGET_NAME)";
				SWIFT_VERSION = 4.2;
				TARGETED_DEVICE_FAMILY = "1,2";
			};
			name = Release;
		};
		76397A682232772100D065A9 /* Debug */ = {
			isa = XCBuildConfiguration;
			buildSettings = {
				ALWAYS_EMBED_SWIFT_STANDARD_LIBRARIES = YES;
				BUNDLE_LOADER = "$(TEST_HOST)";
				CODE_SIGN_STYLE = Automatic;
				INFOPLIST_FILE = DrawThisDemoTests/Info.plist;
				LD_RUNPATH_SEARCH_PATHS = (
					"$(inherited)",
					"@executable_path/Frameworks",
					"@loader_path/Frameworks",
				);
				PRODUCT_BUNDLE_IDENTIFIER = PhillipFraThailand.DrawThisDemoTests;
				PRODUCT_NAME = "$(TARGET_NAME)";
				SWIFT_VERSION = 4.2;
				TARGETED_DEVICE_FAMILY = "1,2";
				TEST_HOST = "$(BUILT_PRODUCTS_DIR)/DrawThisDemo.app/DrawThisDemo";
			};
			name = Debug;
		};
		76397A692232772100D065A9 /* Release */ = {
			isa = XCBuildConfiguration;
			buildSettings = {
				ALWAYS_EMBED_SWIFT_STANDARD_LIBRARIES = YES;
				BUNDLE_LOADER = "$(TEST_HOST)";
				CODE_SIGN_STYLE = Automatic;
				INFOPLIST_FILE = DrawThisDemoTests/Info.plist;
				LD_RUNPATH_SEARCH_PATHS = (
					"$(inherited)",
					"@executable_path/Frameworks",
					"@loader_path/Frameworks",
				);
				PRODUCT_BUNDLE_IDENTIFIER = PhillipFraThailand.DrawThisDemoTests;
				PRODUCT_NAME = "$(TARGET_NAME)";
				SWIFT_VERSION = 4.2;
				TARGETED_DEVICE_FAMILY = "1,2";
				TEST_HOST = "$(BUILT_PRODUCTS_DIR)/DrawThisDemo.app/DrawThisDemo";
			};
			name = Release;
		};
		76397A6B2232772100D065A9 /* Debug */ = {
			isa = XCBuildConfiguration;
			buildSettings = {
				ALWAYS_EMBED_SWIFT_STANDARD_LIBRARIES = YES;
				CODE_SIGN_STYLE = Automatic;
				INFOPLIST_FILE = DrawThisDemoUITests/Info.plist;
				LD_RUNPATH_SEARCH_PATHS = (
					"$(inherited)",
					"@executable_path/Frameworks",
					"@loader_path/Frameworks",
				);
				PRODUCT_BUNDLE_IDENTIFIER = PhillipFraThailand.DrawThisDemoUITests;
				PRODUCT_NAME = "$(TARGET_NAME)";
				SWIFT_VERSION = 4.2;
				TARGETED_DEVICE_FAMILY = "1,2";
				TEST_TARGET_NAME = DrawThisDemo;
			};
			name = Debug;
		};
		76397A6C2232772100D065A9 /* Release */ = {
			isa = XCBuildConfiguration;
			buildSettings = {
				ALWAYS_EMBED_SWIFT_STANDARD_LIBRARIES = YES;
				CODE_SIGN_STYLE = Automatic;
				INFOPLIST_FILE = DrawThisDemoUITests/Info.plist;
				LD_RUNPATH_SEARCH_PATHS = (
					"$(inherited)",
					"@executable_path/Frameworks",
					"@loader_path/Frameworks",
				);
				PRODUCT_BUNDLE_IDENTIFIER = PhillipFraThailand.DrawThisDemoUITests;
				PRODUCT_NAME = "$(TARGET_NAME)";
				SWIFT_VERSION = 4.2;
				TARGETED_DEVICE_FAMILY = "1,2";
				TEST_TARGET_NAME = DrawThisDemo;
			};
			name = Release;
		};
/* End XCBuildConfiguration section */

/* Begin XCConfigurationList section */
		76397A372232771800D065A9 /* Build configuration list for PBXProject "DrawThisDemo" */ = {
			isa = XCConfigurationList;
			buildConfigurations = (
				76397A622232772100D065A9 /* Debug */,
				76397A632232772100D065A9 /* Release */,
			);
			defaultConfigurationIsVisible = 0;
			defaultConfigurationName = Release;
		};
		76397A642232772100D065A9 /* Build configuration list for PBXNativeTarget "DrawThisDemo" */ = {
			isa = XCConfigurationList;
			buildConfigurations = (
				76397A652232772100D065A9 /* Debug */,
				76397A662232772100D065A9 /* Release */,
			);
			defaultConfigurationIsVisible = 0;
			defaultConfigurationName = Release;
		};
		76397A672232772100D065A9 /* Build configuration list for PBXNativeTarget "DrawThisDemoTests" */ = {
			isa = XCConfigurationList;
			buildConfigurations = (
				76397A682232772100D065A9 /* Debug */,
				76397A692232772100D065A9 /* Release */,
			);
			defaultConfigurationIsVisible = 0;
			defaultConfigurationName = Release;
		};
		76397A6A2232772100D065A9 /* Build configuration list for PBXNativeTarget "DrawThisDemoUITests" */ = {
			isa = XCConfigurationList;
			buildConfigurations = (
				76397A6B2232772100D065A9 /* Debug */,
				76397A6C2232772100D065A9 /* Release */,
			);
			defaultConfigurationIsVisible = 0;
			defaultConfigurationName = Release;
		};
/* End XCConfigurationList section */
	};
	rootObject = 76397A342232771800D065A9 /* Project object */;
}
